
Microsoft Visual Studio Solution File, Format Version 12.00
# Visual Studio Version 17
VisualStudioVersion = 17.6.33829.357
MinimumVisualStudioVersion = 10.0.40219.1
Project("{FAE04EC0-301F-11D3-BF4B-00C04F79EFBC}") = "PreTestCoreDanielRenato", "PreTestCoreDanielRenato\PreTestCoreDanielRenato.csproj", "{BDDCD108-26FE-4D37-9BCE-B1BCB0017172}"
EndProject
Global
	GlobalSection(SolutionConfigurationPlatforms) = preSolution
		Debug|Any CPU = Debug|Any CPU
		Release|Any CPU = Release|Any CPU
	EndGlobalSection
	GlobalSection(ProjectConfigurationPlatforms) = postSolution
		{BDDCD108-26FE-4D37-9BCE-B1BCB0017172}.Debug|Any CPU.ActiveCfg = Debug|Any CPU
		{BDDCD108-26FE-4D37-9BCE-B1BCB0017172}.Debug|Any CPU.Build.0 = Debug|Any CPU
		{BDDCD108-26FE-4D37-9BCE-B1BCB0017172}.Release|Any CPU.ActiveCfg = Release|Any CPU
		{BDDCD108-26FE-4D37-9BCE-B1BCB0017172}.Release|Any CPU.Build.0 = Release|Any CPU
	EndGlobalSection
	GlobalSection(SolutionProperties) = preSolution
		HideSolutionNode = FALSE
	EndGlobalSection
	GlobalSection(ExtensibilityGlobals) = postSolution
		SolutionGuid = {690EADD0-6F9B-4993-AC69-139538BD002A}
	EndGlobalSection
EndGlobal
